{
  "name": "contact",
  "version": "1.0.0",
  "lockfileVersion": 2,
  "requires": true,
  "packages": {
    "": {
      "version": "1.0.0",
      "license": "ISC",
      "dependencies": {
        "nodemailer": "^6.6.0",
        "nodemailer-postmark-transport": "^4.0.0",
        "postmark": "^2.7.4"
      }
    },
    "node_modules/addressparser": {
      "version": "1.0.1",
      "resolved": "https://registry.npmjs.org/addressparser/-/addressparser-1.0.1.tgz",
      "integrity": "sha1-R6++GiqSYhkdtoOOT9HTm0CCF0Y="
    },
    "node_modules/async": {
      "version": "3.2.0",
      "resolved": "https://registry.npmjs.org/async/-/async-3.2.0.tgz",
      "integrity": "sha512-TR2mEZFVOj2pLStYxLht7TyfuRzaydfpxr3k9RpHIzMgw7A64dzsdqCxH1WJyQdoe8T10nDXd9wnEigmiuHIZw=="
    },
    "node_modules/axios": {
      "version": "0.21.1",
      "resolved": "https://registry.npmjs.org/axios/-/axios-0.21.1.tgz",
      "integrity": "sha512-dKQiRHxGD9PPRIUNIWvZhPTPpl1rf/OxTYKsqKUDjBwYylTvV7SjSHJb9ratfyzM6wCdLCOYLzs73qpg5c4iGA==",
      "dependencies": {
        "follow-redirects": "^1.10.0"
      }
    },
    "node_modules/encoding-japanese": {
      "version": "1.0.30",
      "resolved": "https://registry.npmjs.org/encoding-japanese/-/encoding-japanese-1.0.30.tgz",
      "integrity": "sha512-bd/DFLAoJetvv7ar/KIpE3CNO8wEuyrt9Xuw6nSMiZ+Vrz/Q21BPsMHvARL2Wz6IKHKXgb+DWZqtRg1vql9cBg=="
    },
    "node_modules/follow-redirects": {
      "version": "1.14.1",
      "resolved": "https://registry.npmjs.org/follow-redirects/-/follow-redirects-1.14.1.tgz",
      "integrity": "sha512-HWqDgT7ZEkqRzBvc2s64vSZ/hfOceEol3ac/7tKwzuvEyWx3/4UegXh5oBOIotkGsObyk3xznnSRVADBgWSQVg==",
      "funding": [
        {
          "type": "individual",
          "url": "https://github.com/sponsors/RubenVerborgh"
        }
      ],
      "engines": {
        "node": ">=4.0"
      },
      "peerDependenciesMeta": {
        "debug": {
          "optional": true
        }
      }
    },
    "node_modules/iconv-lite": {
      "version": "0.5.0",
      "resolved": "https://registry.npmjs.org/iconv-lite/-/iconv-lite-0.5.0.tgz",
      "integrity": "sha512-NnEhI9hIEKHOzJ4f697DMz9IQEXr/MMJ5w64vN2/4Ai+wRnvV7SBrL0KLoRlwaKVghOc7LQ5YkPLuX146b6Ydw==",
      "dependencies": {
        "safer-buffer": ">= 2.1.2 < 3"
      },
      "engines": {
        "node": ">=0.10.0"
      }
    },
    "node_modules/libbase64": {
      "version": "1.2.1",
      "resolved": "https://registry.npmjs.org/libbase64/-/libbase64-1.2.1.tgz",
      "integrity": "sha512-l+nePcPbIG1fNlqMzrh68MLkX/gTxk/+vdvAb388Ssi7UuUN31MI44w4Yf33mM3Cm4xDfw48mdf3rkdHszLNew=="
    },
    "node_modules/libmime": {
      "version": "4.2.1",
      "resolved": "https://registry.npmjs.org/libmime/-/libmime-4.2.1.tgz",
      "integrity": "sha512-09y7zjSc5im1aNsq815zgo4/G3DnIzym3aDOHsGq4Ee5vrX4PdgQRybAsztz9Rv0NhO+J5C0llEUloa3sUmjmA==",
      "dependencies": {
        "encoding-japanese": "1.0.30",
        "iconv-lite": "0.5.0",
        "libbase64": "1.2.1",
        "libqp": "1.1.0"
      }
    },
    "node_modules/libqp": {
      "version": "1.1.0",
      "resolved": "https://registry.npmjs.org/libqp/-/libqp-1.1.0.tgz",
      "integrity": "sha1-9ebgatdLeU+1tbZpiL9yjvHe2+g="
    },
    "node_modules/nodemailer": {
      "version": "6.6.0",
      "resolved": "https://registry.npmjs.org/nodemailer/-/nodemailer-6.6.0.tgz",
      "integrity": "sha512-ikSMDU1nZqpo2WUPE0wTTw/NGGImTkwpJKDIFPZT+YvvR9Sj+ze5wzu95JHkBMglQLoG2ITxU21WukCC/XsFkg==",
      "engines": {
        "node": ">=6.0.0"
      }
    },
    "node_modules/nodemailer-build-attachment": {
      "version": "1.0.5",
      "resolved": "https://registry.npmjs.org/nodemailer-build-attachment/-/nodemailer-build-attachment-1.0.5.tgz",
      "integrity": "sha512-9W8Wco6kyowoGvEO4XjOFQ00QEfGtdczrQHxhC7sSdxhHTqQOMJXHrmLLE77ab9CMz8JJP4ljq8M4g4t9UpMJQ==",
      "dependencies": {
        "libbase64": "^1.0.3",
        "libmime": "^4.0.1",
        "nodemailer-fetch": "^2.1.0"
      },
      "engines": {
        "node": ">=4"
      }
    },
    "node_modules/nodemailer-fetch": {
      "version": "2.1.0",
      "resolved": "https://registry.npmjs.org/nodemailer-fetch/-/nodemailer-fetch-2.1.0.tgz",
      "integrity": "sha1-QfYx0Wsx2lXigkloizKRZ93Q1lE="
    },
    "node_modules/nodemailer-postmark-transport": {
      "version": "4.0.0",
      "resolved": "https://registry.npmjs.org/nodemailer-postmark-transport/-/nodemailer-postmark-transport-4.0.0.tgz",
      "integrity": "sha512-DEq6TUGgbQq8Xzdd9UHumrbScBx4iisiR/FrjjkE93T7f5HLBdUG+NUeK1ZI8CPrfEctnCPosz/tQ5e6SRBH7w==",
      "dependencies": {
        "addressparser": "^1.0.1",
        "async": "^3.2.0",
        "nodemailer-build-attachment": "^1.0.5",
        "postmark": "^2.6.0"
      },
      "engines": {
        "node": ">=8"
      },
      "peerDependencies": {
        "nodemailer": ">=4.x"
      }
    },
    "node_modules/postmark": {
      "version": "2.7.4",
      "resolved": "https://registry.npmjs.org/postmark/-/postmark-2.7.4.tgz",
      "integrity": "sha512-k2EKIySFhB6oZaIN3w2xS2XIivgRaqpmw65M7ywcSx1L0cKnaXXC56hQ3XzNFSXyzzJRsh1hFv41Z4LPQeEmiQ==",
      "dependencies": {
        "axios": "^0.21.1"
      }
    },
    "node_modules/safer-buffer": {
      "version": "2.1.2",
      "resolved": "https://registry.npmjs.org/safer-buffer/-/safer-buffer-2.1.2.tgz",
      "integrity": "sha512-YZo3K82SD7Riyi0E1EQPojLz7kpepnSQI9IyPbHHg1XXXevb5dJI7tpyN2ADxGcQbHG7vcyRHk0cbwqcQriUtg=="
    }
  },
  "dependencies": {
    "addressparser": {
      "version": "1.0.1",
      "resolved": "https://registry.npmjs.org/addressparser/-/addressparser-1.0.1.tgz",
      "integrity": "sha1-R6++GiqSYhkdtoOOT9HTm0CCF0Y="
    },
    "async": {
      "version": "3.2.0",
      "resolved": "https://registry.npmjs.org/async/-/async-3.2.0.tgz",
      "integrity": "sha512-TR2mEZFVOj2pLStYxLht7TyfuRzaydfpxr3k9RpHIzMgw7A64dzsdqCxH1WJyQdoe8T10nDXd9wnEigmiuHIZw=="
    },
    "axios": {
      "version": "0.21.1",
      "resolved": "https://registry.npmjs.org/axios/-/axios-0.21.1.tgz",
      "integrity": "sha512-dKQiRHxGD9PPRIUNIWvZhPTPpl1rf/OxTYKsqKUDjBwYylTvV7SjSHJb9ratfyzM6wCdLCOYLzs73qpg5c4iGA==",
      "requires": {
        "follow-redirects": "^1.10.0"
      }
    },
    "encoding-japanese": {
      "version": "1.0.30",
      "resolved": "https://registry.npmjs.org/encoding-japanese/-/encoding-japanese-1.0.30.tgz",
      "integrity": "sha512-bd/DFLAoJetvv7ar/KIpE3CNO8wEuyrt9Xuw6nSMiZ+Vrz/Q21BPsMHvARL2Wz6IKHKXgb+DWZqtRg1vql9cBg=="
    },
    "follow-redirects": {
      "version": "1.14.1",
      "resolved": "https://registry.npmjs.org/follow-redirects/-/follow-redirects-1.14.1.tgz",
      "integrity": "sha512-HWqDgT7ZEkqRzBvc2s64vSZ/hfOceEol3ac/7tKwzuvEyWx3/4UegXh5oBOIotkGsObyk3xznnSRVADBgWSQVg=="
    },
    "iconv-lite": {
      "version": "0.5.0",
      "resolved": "https://registry.npmjs.org/iconv-lite/-/iconv-lite-0.5.0.tgz",
      "integrity": "sha512-NnEhI9hIEKHOzJ4f697DMz9IQEXr/MMJ5w64vN2/4Ai+wRnvV7SBrL0KLoRlwaKVghOc7LQ5YkPLuX146b6Ydw==",
      "requires": {
        "safer-buffer": ">= 2.1.2 < 3"
      }
    },
    "libbase64": {
      "version": "1.2.1",
      "resolved": "https://registry.npmjs.org/libbase64/-/libbase64-1.2.1.tgz",
      "integrity": "sha512-l+nePcPbIG1fNlqMzrh68MLkX/gTxk/+vdvAb388Ssi7UuUN31MI44w4Yf33mM3Cm4xDfw48mdf3rkdHszLNew=="
    },
    "libmime": {
      "version": "4.2.1",
      "resolved": "https://registry.npmjs.org/libmime/-/libmime-4.2.1.tgz",
      "integrity": "sha512-09y7zjSc5im1aNsq815zgo4/G3DnIzym3aDOHsGq4Ee5vrX4PdgQRybAsztz9Rv0NhO+J5C0llEUloa3sUmjmA==",
      "requires": {
        "encoding-japanese": "1.0.30",
        "iconv-lite": "0.5.0",
        "libbase64": "1.2.1",
        "libqp": "1.1.0"
      }
    },
    "libqp": {
      "version": "1.1.0",
      "resolved": "https://registry.npmjs.org/libqp/-/libqp-1.1.0.tgz",
      "integrity": "sha1-9ebgatdLeU+1tbZpiL9yjvHe2+g="
    },
    "nodemailer": {
      "version": "6.6.0",
      "resolved": "https://registry.npmjs.org/nodemailer/-/nodemailer-6.6.0.tgz",
      "integrity": "sha512-ikSMDU1nZqpo2WUPE0wTTw/NGGImTkwpJKDIFPZT+YvvR9Sj+ze5wzu95JHkBMglQLoG2ITxU21WukCC/XsFkg=="
    },
    "nodemailer-build-attachment": {
      "version": "1.0.5",
      "resolved": "https://registry.npmjs.org/nodemailer-build-attachment/-/nodemailer-build-attachment-1.0.5.tgz",
      "integrity": "sha512-9W8Wco6kyowoGvEO4XjOFQ00QEfGtdczrQHxhC7sSdxhHTqQOMJXHrmLLE77ab9CMz8JJP4ljq8M4g4t9UpMJQ==",
      "requires": {
        "libbase64": "^1.0.3",
        "libmime": "^4.0.1",
        "nodemailer-fetch": "^2.1.0"
      }
    },
    "nodemailer-fetch": {
      "version": "2.1.0",
      "resolved": "https://registry.npmjs.org/nodemailer-fetch/-/nodemailer-fetch-2.1.0.tgz",
      "integrity": "sha1-QfYx0Wsx2lXigkloizKRZ93Q1lE="
    },
    "nodemailer-postmark-transport": {
      "version": "4.0.0",
      "resolved": "https://registry.npmjs.org/nodemailer-postmark-transport/-/nodemailer-postmark-transport-4.0.0.tgz",
      "integrity": "sha512-DEq6TUGgbQq8Xzdd9UHumrbScBx4iisiR/FrjjkE93T7f5HLBdUG+NUeK1ZI8CPrfEctnCPosz/tQ5e6SRBH7w==",
      "requires": {
        "addressparser": "^1.0.1",
        "async": "^3.2.0",
        "nodemailer-build-attachment": "^1.0.5",
        "postmark": "^2.6.0"
      }
    },
    "postmark": {
      "version": "2.7.4",
      "resolved": "https://registry.npmjs.org/postmark/-/postmark-2.7.4.tgz",
      "integrity": "sha512-k2EKIySFhB6oZaIN3w2xS2XIivgRaqpmw65M7ywcSx1L0cKnaXXC56hQ3XzNFSXyzzJRsh1hFv41Z4LPQeEmiQ==",
      "requires": {
        "axios": "^0.21.1"
      }
    },
    "safer-buffer": {
      "version": "2.1.2",
      "resolved": "https://registry.npmjs.org/safer-buffer/-/safer-buffer-2.1.2.tgz",
      "integrity": "sha512-YZo3K82SD7Riyi0E1EQPojLz7kpepnSQI9IyPbHHg1XXXevb5dJI7tpyN2ADxGcQbHG7vcyRHk0cbwqcQriUtg=="
    }
  }
}
